
Microsoft Visual Studio Solution File, Format Version 12.00
# Visual Studio Version 16
VisualStudioVersion = 16.0.31019.35
MinimumVisualStudioVersion = 10.0.40219.1
Project("{FAE04EC0-301F-11D3-BF4B-00C04F79EFBC}") = "CalculadoraIMC", "CalculadoraIMC\CalculadoraIMC.csproj", "{9B11D0FC-F8FC-4169-8CA5-5762B9483340}"
EndProject
Global
	GlobalSection(SolutionConfigurationPlatforms) = preSolution
		Debug|Any CPU = Debug|Any CPU
		Release|Any CPU = Release|Any CPU
	EndGlobalSection
	GlobalSection(ProjectConfigurationPlatforms) = postSolution
		{9B11D0FC-F8FC-4169-8CA5-5762B9483340}.Debug|Any CPU.ActiveCfg = Debug|Any CPU
		{9B11D0FC-F8FC-4169-8CA5-5762B9483340}.Debug|Any CPU.Build.0 = Debug|Any CPU
		{9B11D0FC-F8FC-4169-8CA5-5762B9483340}.Release|Any CPU.ActiveCfg = Release|Any CPU
		{9B11D0FC-F8FC-4169-8CA5-5762B9483340}.Release|Any CPU.Build.0 = Release|Any CPU
	EndGlobalSection
	GlobalSection(SolutionProperties) = preSolution
		HideSolutionNode = FALSE
	EndGlobalSection
	GlobalSection(ExtensibilityGlobals) = postSolution
		SolutionGuid = {D75047FD-00DA-40D9-A1CF-E19A197680A7}
	EndGlobalSection
EndGlobal
